
Microsoft Visual Studio Solution File, Format Version 12.00
# Visual Studio Version 17
VisualStudioVersion = 17.2.32630.192
MinimumVisualStudioVersion = 10.0.40219.1
Project("{FAE04EC0-301F-11D3-BF4B-00C04F79EFBC}") = "Microsoft.Extensions.Configuration.EnvFile.Unsupported", "src\Microsoft.Extensions.Configuration.EnvFile.Unsupported\Microsoft.Extensions.Configuration.EnvFile.Unsupported.csproj", "{BE5D40C9-3D3F-4FB9-A8BE-BC6FEAC43088}"
EndProject
Global
	GlobalSection(SolutionConfigurationPlatforms) = preSolution
		Debug|Any CPU = Debug|Any CPU
		Release|Any CPU = Release|Any CPU
	EndGlobalSection
	GlobalSection(ProjectConfigurationPlatforms) = postSolution
		{BE5D40C9-3D3F-4FB9-A8BE-BC6FEAC43088}.Debug|Any CPU.ActiveCfg = Debug|Any CPU
		{BE5D40C9-3D3F-4FB9-A8BE-BC6FEAC43088}.Debug|Any CPU.Build.0 = Debug|Any CPU
		{BE5D40C9-3D3F-4FB9-A8BE-BC6FEAC43088}.Release|Any CPU.ActiveCfg = Release|Any CPU
		{BE5D40C9-3D3F-4FB9-A8BE-BC6FEAC43088}.Release|Any CPU.Build.0 = Release|Any CPU
	EndGlobalSection
	GlobalSection(SolutionProperties) = preSolution
		HideSolutionNode = FALSE
	EndGlobalSection
	GlobalSection(ExtensibilityGlobals) = postSolution
		SolutionGuid = {AB108C96-FBF0-4EE0-85B9-55366D2906F9}
	EndGlobalSection
EndGlobal
